
Microsoft Visual Studio Solution File, Format Version 12.00
# Visual Studio Version 17
VisualStudioVersion = 17.5.002.0
MinimumVisualStudioVersion = 10.0.40219.1
Project("{2150E333-8FDC-42A3-9474-1A3956D46DE8}") = "EsepWebhook", "EsepWebhook", "{A01A4216-52C7-4C77-860D-B519A7AAA92F}"
EndProject
Project("{2150E333-8FDC-42A3-9474-1A3956D46DE8}") = "src", "src", "{F3800129-8F30-468A-AD82-476691236AB2}"
EndProject
Project("{9A19103F-16F7-4668-BE54-9A1E7A4F7556}") = "EsepWebhook", "EsepWebhook\src\EsepWebhook\EsepWebhook.csproj", "{280E6A07-5BDB-4351-82D4-0AD3D23E89B5}"
EndProject
Project("{2150E333-8FDC-42A3-9474-1A3956D46DE8}") = "test", "test", "{D67ACE4E-6F8D-4708-89B4-691E71281DCC}"
EndProject
Project("{9A19103F-16F7-4668-BE54-9A1E7A4F7556}") = "EsepWebhook.Tests", "EsepWebhook\test\EsepWebhook.Tests\EsepWebhook.Tests.csproj", "{F57A53B6-B931-4DE7-ABF2-584EC5B52EF1}"
EndProject
Global
	GlobalSection(SolutionConfigurationPlatforms) = preSolution
		Debug|Any CPU = Debug|Any CPU
		Release|Any CPU = Release|Any CPU
	EndGlobalSection
	GlobalSection(ProjectConfigurationPlatforms) = postSolution
		{280E6A07-5BDB-4351-82D4-0AD3D23E89B5}.Debug|Any CPU.ActiveCfg = Debug|Any CPU
		{280E6A07-5BDB-4351-82D4-0AD3D23E89B5}.Debug|Any CPU.Build.0 = Debug|Any CPU
		{280E6A07-5BDB-4351-82D4-0AD3D23E89B5}.Release|Any CPU.ActiveCfg = Release|Any CPU
		{280E6A07-5BDB-4351-82D4-0AD3D23E89B5}.Release|Any CPU.Build.0 = Release|Any CPU
		{F57A53B6-B931-4DE7-ABF2-584EC5B52EF1}.Debug|Any CPU.ActiveCfg = Debug|Any CPU
		{F57A53B6-B931-4DE7-ABF2-584EC5B52EF1}.Debug|Any CPU.Build.0 = Debug|Any CPU
		{F57A53B6-B931-4DE7-ABF2-584EC5B52EF1}.Release|Any CPU.ActiveCfg = Release|Any CPU
		{F57A53B6-B931-4DE7-ABF2-584EC5B52EF1}.Release|Any CPU.Build.0 = Release|Any CPU
	EndGlobalSection
	GlobalSection(SolutionProperties) = preSolution
		HideSolutionNode = FALSE
	EndGlobalSection
	GlobalSection(NestedProjects) = preSolution
		{F3800129-8F30-468A-AD82-476691236AB2} = {A01A4216-52C7-4C77-860D-B519A7AAA92F}
		{280E6A07-5BDB-4351-82D4-0AD3D23E89B5} = {F3800129-8F30-468A-AD82-476691236AB2}
		{D67ACE4E-6F8D-4708-89B4-691E71281DCC} = {A01A4216-52C7-4C77-860D-B519A7AAA92F}
		{F57A53B6-B931-4DE7-ABF2-584EC5B52EF1} = {D67ACE4E-6F8D-4708-89B4-691E71281DCC}
	EndGlobalSection
	GlobalSection(ExtensibilityGlobals) = postSolution
		SolutionGuid = {ECEAE2D5-0AA9-4CE4-8B85-11E5D810844F}
	EndGlobalSection
EndGlobal
